
Microsoft Visual Studio Solution File, Format Version 12.00
# Visual Studio 15
VisualStudioVersion = 15.0.27130.2024
MinimumVisualStudioVersion = 10.0.40219.1
Project("{FAE04EC0-301F-11D3-BF4B-00C04F79EFBC}") = "SqliteDataBaseIsLocked", "SqliteDataBaseIsLocked\SqliteDataBaseIsLocked.csproj", "{2C10EEA1-BE43-4321-83BC-EC0F523E366D}"
EndProject
Global
	GlobalSection(SolutionConfigurationPlatforms) = preSolution
		Debug|Any CPU = Debug|Any CPU
		Release|Any CPU = Release|Any CPU
	EndGlobalSection
	GlobalSection(ProjectConfigurationPlatforms) = postSolution
		{2C10EEA1-BE43-4321-83BC-EC0F523E366D}.Debug|Any CPU.ActiveCfg = Debug|Any CPU
		{2C10EEA1-BE43-4321-83BC-EC0F523E366D}.Debug|Any CPU.Build.0 = Debug|Any CPU
		{2C10EEA1-BE43-4321-83BC-EC0F523E366D}.Release|Any CPU.ActiveCfg = Release|Any CPU
		{2C10EEA1-BE43-4321-83BC-EC0F523E366D}.Release|Any CPU.Build.0 = Release|Any CPU
	EndGlobalSection
	GlobalSection(SolutionProperties) = preSolution
		HideSolutionNode = FALSE
	EndGlobalSection
	GlobalSection(ExtensibilityGlobals) = postSolution
		SolutionGuid = {91F83B2F-BCED-4D45-95CE-F7987408ACFB}
	EndGlobalSection
EndGlobal
